
Microsoft Visual Studio Solution File, Format Version 12.00
# Visual Studio Version 17
VisualStudioVersion = 17.2.32630.192
MinimumVisualStudioVersion = 10.0.40219.1
Project("{2150E333-8FDC-42A3-9474-1A3956D46DE8}") = "0.Solution Items", "0.Solution Items", "{186D210F-576A-492C-A0B5-5474F7DB62F8}"
	ProjectSection(SolutionItems) = preProject
		README.md = README.md
	EndProjectSection
EndProject
Project("{9A19103F-16F7-4668-BE54-9A1E7A4F7556}") = "eShopSolution.Data", "eShopSolution.Data\eShopSolution.Data.csproj", "{17F4F82B-4338-4482-8160-9B2F733C6D83}"
EndProject
Project("{9A19103F-16F7-4668-BE54-9A1E7A4F7556}") = "eShopSolution.Application", "eShopSolution.Application\eShopSolution.Application.csproj", "{91344444-4852-4554-9E07-BA32204324B9}"
EndProject
Project("{9A19103F-16F7-4668-BE54-9A1E7A4F7556}") = "eShopSolution.Utilities", "eShopSolution.Utilities\eShopSolution.Utilities.csproj", "{3267C2FF-3702-4872-A5C8-13AD1BC33E95}"
EndProject
Project("{9A19103F-16F7-4668-BE54-9A1E7A4F7556}") = "eShopSolution.ViewModel", "eShopSolution.ViewModel\eShopSolution.ViewModel.csproj", "{DBDD85CF-64B4-441B-897D-7C2788B40748}"
EndProject
Project("{9A19103F-16F7-4668-BE54-9A1E7A4F7556}") = "eShopSolution.BackendApi", "eShopSolution.BackendApi\eShopSolution.BackendApi.csproj", "{BEE4413C-4A86-4CBE-AFEB-3AF4C9305493}"
EndProject
Project("{2150E333-8FDC-42A3-9474-1A3956D46DE8}") = "2.Domain", "2.Domain", "{BB7928A5-070E-4862-9E7D-03FEF2DEB0F1}"
EndProject
Project("{2150E333-8FDC-42A3-9474-1A3956D46DE8}") = "3.Hosts", "3.Hosts", "{7961C5E8-5B7C-4985-8A8F-6AC903A1AEF9}"
EndProject
Project("{2150E333-8FDC-42A3-9474-1A3956D46DE8}") = "1.Infrastructure", "1.Infrastructure", "{77ABB847-21B7-4934-865A-74238278A34C}"
EndProject
Global
	GlobalSection(SolutionConfigurationPlatforms) = preSolution
		Debug|Any CPU = Debug|Any CPU
		Release|Any CPU = Release|Any CPU
	EndGlobalSection
	GlobalSection(ProjectConfigurationPlatforms) = postSolution
		{17F4F82B-4338-4482-8160-9B2F733C6D83}.Debug|Any CPU.ActiveCfg = Debug|Any CPU
		{17F4F82B-4338-4482-8160-9B2F733C6D83}.Debug|Any CPU.Build.0 = Debug|Any CPU
		{17F4F82B-4338-4482-8160-9B2F733C6D83}.Release|Any CPU.ActiveCfg = Release|Any CPU
		{17F4F82B-4338-4482-8160-9B2F733C6D83}.Release|Any CPU.Build.0 = Release|Any CPU
		{91344444-4852-4554-9E07-BA32204324B9}.Debug|Any CPU.ActiveCfg = Debug|Any CPU
		{91344444-4852-4554-9E07-BA32204324B9}.Debug|Any CPU.Build.0 = Debug|Any CPU
		{91344444-4852-4554-9E07-BA32204324B9}.Release|Any CPU.ActiveCfg = Release|Any CPU
		{91344444-4852-4554-9E07-BA32204324B9}.Release|Any CPU.Build.0 = Release|Any CPU
		{3267C2FF-3702-4872-A5C8-13AD1BC33E95}.Debug|Any CPU.ActiveCfg = Debug|Any CPU
		{3267C2FF-3702-4872-A5C8-13AD1BC33E95}.Debug|Any CPU.Build.0 = Debug|Any CPU
		{3267C2FF-3702-4872-A5C8-13AD1BC33E95}.Release|Any CPU.ActiveCfg = Release|Any CPU
		{3267C2FF-3702-4872-A5C8-13AD1BC33E95}.Release|Any CPU.Build.0 = Release|Any CPU
		{DBDD85CF-64B4-441B-897D-7C2788B40748}.Debug|Any CPU.ActiveCfg = Debug|Any CPU
		{DBDD85CF-64B4-441B-897D-7C2788B40748}.Debug|Any CPU.Build.0 = Debug|Any CPU
		{DBDD85CF-64B4-441B-897D-7C2788B40748}.Release|Any CPU.ActiveCfg = Release|Any CPU
		{DBDD85CF-64B4-441B-897D-7C2788B40748}.Release|Any CPU.Build.0 = Release|Any CPU
		{BEE4413C-4A86-4CBE-AFEB-3AF4C9305493}.Debug|Any CPU.ActiveCfg = Debug|Any CPU
		{BEE4413C-4A86-4CBE-AFEB-3AF4C9305493}.Debug|Any CPU.Build.0 = Debug|Any CPU
		{BEE4413C-4A86-4CBE-AFEB-3AF4C9305493}.Release|Any CPU.ActiveCfg = Release|Any CPU
		{BEE4413C-4A86-4CBE-AFEB-3AF4C9305493}.Release|Any CPU.Build.0 = Release|Any CPU
	EndGlobalSection
	GlobalSection(SolutionProperties) = preSolution
		HideSolutionNode = FALSE
	EndGlobalSection
	GlobalSection(NestedProjects) = preSolution
		{17F4F82B-4338-4482-8160-9B2F733C6D83} = {BB7928A5-070E-4862-9E7D-03FEF2DEB0F1}
		{91344444-4852-4554-9E07-BA32204324B9} = {BB7928A5-070E-4862-9E7D-03FEF2DEB0F1}
		{3267C2FF-3702-4872-A5C8-13AD1BC33E95} = {77ABB847-21B7-4934-865A-74238278A34C}
		{DBDD85CF-64B4-441B-897D-7C2788B40748} = {77ABB847-21B7-4934-865A-74238278A34C}
		{BEE4413C-4A86-4CBE-AFEB-3AF4C9305493} = {7961C5E8-5B7C-4985-8A8F-6AC903A1AEF9}
	EndGlobalSection
	GlobalSection(ExtensibilityGlobals) = postSolution
		SolutionGuid = {B27D8FE8-50A3-4308-B1EA-1D7D12402926}
	EndGlobalSection
EndGlobal
